
Microsoft Visual Studio Solution File, Format Version 12.00
# Visual Studio Version 17
VisualStudioVersion = 17.13.36105.23 d17.13
MinimumVisualStudioVersion = 10.0.40219.1
Project("{FAE04EC0-301F-11D3-BF4B-00C04F79EFBC}") = "Gestión de Inventario Huevos del Campo", "Gestión de Inventario Huevos del Campo.csproj", "{74C07184-2C4C-4579-B227-956E22F0E808}"
EndProject
Global
	GlobalSection(SolutionConfigurationPlatforms) = preSolution
		Debug|Any CPU = Debug|Any CPU
		Release|Any CPU = Release|Any CPU
	EndGlobalSection
	GlobalSection(ProjectConfigurationPlatforms) = postSolution
		{74C07184-2C4C-4579-B227-956E22F0E808}.Debug|Any CPU.ActiveCfg = Debug|Any CPU
		{74C07184-2C4C-4579-B227-956E22F0E808}.Debug|Any CPU.Build.0 = Debug|Any CPU
		{74C07184-2C4C-4579-B227-956E22F0E808}.Release|Any CPU.ActiveCfg = Release|Any CPU
		{74C07184-2C4C-4579-B227-956E22F0E808}.Release|Any CPU.Build.0 = Release|Any CPU
	EndGlobalSection
	GlobalSection(SolutionProperties) = preSolution
		HideSolutionNode = FALSE
	EndGlobalSection
	GlobalSection(ExtensibilityGlobals) = postSolution
		SolutionGuid = {1FA5EE6C-375E-44A4-8B7E-D3AD9537EB14}
	EndGlobalSection
EndGlobal
